
Microsoft Visual Studio Solution File, Format Version 12.00
# Visual Studio 15
Project("{FAE04EC0-301F-11D3-BF4B-00C04F79EFBC}") = "Assembly-CSharp", "Assembly-CSharp.csproj", "{5686DAF8-0E85-79B9-1739-D3C004C06FAF}"
EndProject
Project("{FAE04EC0-301F-11D3-BF4B-00C04F79EFBC}") = "UnityEngine.TestRunner", "UnityEngine.TestRunner.csproj", "{B25007CD-E2BB-A4AF-D523-7401AF95F61D}"
EndProject
Project("{FAE04EC0-301F-11D3-BF4B-00C04F79EFBC}") = "Unity.VisualScripting.Flow", "Unity.VisualScripting.Flow.csproj", "{7A980EA7-73DA-32E9-4746-0F5CD47E15F7}"
EndProject
Project("{FAE04EC0-301F-11D3-BF4B-00C04F79EFBC}") = "PhotonVoice.API", "PhotonVoice.API.csproj", "{A2143C32-1F2F-14D5-A61E-094F9236E94E}"
EndProject
Project("{FAE04EC0-301F-11D3-BF4B-00C04F79EFBC}") = "Unity.VisualScripting.State", "Unity.VisualScripting.State.csproj", "{2C1775CC-DF01-781D-651C-536C2E2732D3}"
EndProject
Project("{FAE04EC0-301F-11D3-BF4B-00C04F79EFBC}") = "PlayFab", "PlayFab.csproj", "{BC8ADC50-4048-3691-49AF-D88315891FC1}"
EndProject
Project("{FAE04EC0-301F-11D3-BF4B-00C04F79EFBC}") = "Unity.VisualScripting.Core", "Unity.VisualScripting.Core.csproj", "{F87F7E1C-ED5D-E75B-E82D-06FC323AE75B}"
EndProject
Project("{FAE04EC0-301F-11D3-BF4B-00C04F79EFBC}") = "PhotonVoice", "PhotonVoice.csproj", "{8E70DBF0-D28A-8AD1-DBD9-E90E75432A96}"
EndProject
Project("{FAE04EC0-301F-11D3-BF4B-00C04F79EFBC}") = "PhotonUnityNetworking.Demos", "PhotonUnityNetworking.Demos.csproj", "{349D491B-A806-339A-BE59-A1E4736490D1}"
EndProject
Project("{FAE04EC0-301F-11D3-BF4B-00C04F79EFBC}") = "Unity.TextMeshPro", "Unity.TextMeshPro.csproj", "{84B10369-223F-4FA9-1D29-8EF11D4FAE27}"
EndProject
Project("{FAE04EC0-301F-11D3-BF4B-00C04F79EFBC}") = "Unity.Timeline", "Unity.Timeline.csproj", "{435C4ADA-AE16-0332-A4E1-11879C10BBCD}"
EndProject
Project("{FAE04EC0-301F-11D3-BF4B-00C04F79EFBC}") = "PhotonRealtime", "PhotonRealtime.csproj", "{11994488-BF71-A4D9-B93F-9F4C92B26AD1}"
EndProject
Project("{FAE04EC0-301F-11D3-BF4B-00C04F79EFBC}") = "PhotonUnityNetworking", "PhotonUnityNetworking.csproj", "{88F71544-EE5F-6DD0-3403-E08973D5B7FB}"
EndProject
Project("{FAE04EC0-301F-11D3-BF4B-00C04F79EFBC}") = "PhotonUnityNetworking.Utilities", "PhotonUnityNetworking.Utilities.csproj", "{EDAC7EE6-DD7D-7E3F-403A-72AD902C1AF8}"
EndProject
Project("{FAE04EC0-301F-11D3-BF4B-00C04F79EFBC}") = "PhotonChat", "PhotonChat.csproj", "{4BDCE0CE-AE64-04E7-413C-C22855C36CF5}"
EndProject
Project("{FAE04EC0-301F-11D3-BF4B-00C04F79EFBC}") = "PhotonVoice.PUN", "PhotonVoice.PUN.csproj", "{6CCF5AFF-6060-C6EA-5A2F-A85C04A3B597}"
EndProject
Project("{FAE04EC0-301F-11D3-BF4B-00C04F79EFBC}") = "Unity.PlasticSCM.Editor", "Unity.PlasticSCM.Editor.csproj", "{30048953-261C-0C87-E1BD-33F78D597542}"
EndProject
Project("{FAE04EC0-301F-11D3-BF4B-00C04F79EFBC}") = "Unity.VisualScripting.Core.Editor", "Unity.VisualScripting.Core.Editor.csproj", "{F1D63BC9-32ED-82CD-F689-5CC3681AA3EC}"
EndProject
Project("{FAE04EC0-301F-11D3-BF4B-00C04F79EFBC}") = "Unity.VisualScripting.Flow.Editor", "Unity.VisualScripting.Flow.Editor.csproj", "{DDA28DAB-7B17-D25E-2DBF-E3B8C7327310}"
EndProject
Project("{FAE04EC0-301F-11D3-BF4B-00C04F79EFBC}") = "Unity.VisualStudio.Editor", "Unity.VisualStudio.Editor.csproj", "{3E38DCB2-17BE-5F2A-8D1B-06A8A0157E5B}"
EndProject
Project("{FAE04EC0-301F-11D3-BF4B-00C04F79EFBC}") = "PhotonUnityNetworking.Editor", "PhotonUnityNetworking.Editor.csproj", "{47D0BB19-DC7E-57CA-1BA1-E576B336BBD4}"
EndProject
Project("{FAE04EC0-301F-11D3-BF4B-00C04F79EFBC}") = "Unity.Timeline.Editor", "Unity.Timeline.Editor.csproj", "{1EB6AFCE-4ADB-38B6-BCC6-17575F89AAB6}"
EndProject
Project("{FAE04EC0-301F-11D3-BF4B-00C04F79EFBC}") = "Unity.VisualScripting.State.Editor", "Unity.VisualScripting.State.Editor.csproj", "{2F92C8D0-087B-2295-14BF-7A442FEEED0D}"
EndProject
Project("{FAE04EC0-301F-11D3-BF4B-00C04F79EFBC}") = "Unity.TextMeshPro.Editor", "Unity.TextMeshPro.Editor.csproj", "{C6C90EAD-653E-0C6F-D909-4CF9FE7CEC27}"
EndProject
Project("{FAE04EC0-301F-11D3-BF4B-00C04F79EFBC}") = "Unity.VisualScripting.SettingsProvider.Editor", "Unity.VisualScripting.SettingsProvider.Editor.csproj", "{8A8A06EF-5D28-0666-A94B-D419F661B9E4}"
EndProject
Project("{FAE04EC0-301F-11D3-BF4B-00C04F79EFBC}") = "UnityEditor.TestRunner", "UnityEditor.TestRunner.csproj", "{CF6A5A96-52C2-C9FE-DA88-42004EBD95C4}"
EndProject
Project("{FAE04EC0-301F-11D3-BF4B-00C04F79EFBC}") = "Unity.TestTools.CodeCoverage.Editor", "Unity.TestTools.CodeCoverage.Editor.csproj", "{289985ED-BD60-46A6-4913-D93D75FF9CEA}"
EndProject
Project("{FAE04EC0-301F-11D3-BF4B-00C04F79EFBC}") = "Unity.Rider.Editor", "Unity.Rider.Editor.csproj", "{EBB59AD5-B486-886D-276F-2D098EAC58C3}"
EndProject
Project("{FAE04EC0-301F-11D3-BF4B-00C04F79EFBC}") = "Unity.Performance.Profile-Analyzer.Editor", "Unity.Performance.Profile-Analyzer.Editor.csproj", "{C087D546-F9F2-F91F-1914-7BC65A375B43}"
EndProject
Project("{FAE04EC0-301F-11D3-BF4B-00C04F79EFBC}") = "PhotonVoice.Editor", "PhotonVoice.Editor.csproj", "{AAEFC2CD-8A3D-2B77-66DC-C9D6D803AA46}"
EndProject
Project("{FAE04EC0-301F-11D3-BF4B-00C04F79EFBC}") = "Unity.VSCode.Editor", "Unity.VSCode.Editor.csproj", "{22298BB6-92E5-657E-9F73-95B31212FFE1}"
EndProject
Project("{FAE04EC0-301F-11D3-BF4B-00C04F79EFBC}") = "PlayFabEditorExtensions", "PlayFabEditorExtensions.csproj", "{6A5069AC-E223-FA0E-70AB-8BE911C0815B}"
EndProject
Project("{FAE04EC0-301F-11D3-BF4B-00C04F79EFBC}") = "Unity.TestTools.CodeCoverage.Editor.OpenCover.Model", "Unity.TestTools.CodeCoverage.Editor.OpenCover.Model.csproj", "{974CDE75-3742-94FA-C886-F46EE18E369D}"
EndProject
Project("{FAE04EC0-301F-11D3-BF4B-00C04F79EFBC}") = "Unity.EditorCoroutines.Editor", "Unity.EditorCoroutines.Editor.csproj", "{9D8BE612-4ED1-FFE8-B93C-9AA6CA46746C}"
EndProject
Project("{FAE04EC0-301F-11D3-BF4B-00C04F79EFBC}") = "Unity.Settings.Editor", "Unity.Settings.Editor.csproj", "{7191252A-3997-A683-9898-6D557EDB9CE1}"
EndProject
Project("{FAE04EC0-301F-11D3-BF4B-00C04F79EFBC}") = "PhotonUnityNetworking.Utilities.PhotonPlayer.Editor", "PhotonUnityNetworking.Utilities.PhotonPlayer.Editor.csproj", "{716CFB3E-03EB-7AD3-9A2C-F5E587779608}"
EndProject
Project("{FAE04EC0-301F-11D3-BF4B-00C04F79EFBC}") = "Unity.CollabProxy.Editor", "Unity.CollabProxy.Editor.csproj", "{6F744678-35A0-B02F-CB4C-04C56A5DDF72}"
EndProject
Project("{FAE04EC0-301F-11D3-BF4B-00C04F79EFBC}") = "PunDemos.DemoSlotcarEditor", "PunDemos.DemoSlotcarEditor.csproj", "{DFA0D892-1020-958F-7203-040BF8820B69}"
EndProject
Project("{FAE04EC0-301F-11D3-BF4B-00C04F79EFBC}") = "PhotonUnityNetworking.Utilities.Culling.Editor", "PhotonUnityNetworking.Utilities.Culling.Editor.csproj", "{459F6579-9B76-3FF8-7109-8C2734AD12CD}"
EndProject
Project("{FAE04EC0-301F-11D3-BF4B-00C04F79EFBC}") = "PunDemos.DemoHubEditor", "PunDemos.DemoHubEditor.csproj", "{FECC08C6-A331-54B9-C69D-81382D1E8FDC}"
EndProject
Project("{FAE04EC0-301F-11D3-BF4B-00C04F79EFBC}") = "PlayFabSDKEditor", "PlayFabSDKEditor.csproj", "{CE0CCEAD-D9C0-ECC7-A63C-7FCE8BB42E2C}"
EndProject
Project("{FAE04EC0-301F-11D3-BF4B-00C04F79EFBC}") = "Unity.TestTools.CodeCoverage.Editor.OpenCover.Mono.Reflection", "Unity.TestTools.CodeCoverage.Editor.OpenCover.Mono.Reflection.csproj", "{701AE7D4-4324-3621-3DAE-4276019574B9}"
EndProject
Project("{FAE04EC0-301F-11D3-BF4B-00C04F79EFBC}") = "Unity.VisualScripting.Shared.Editor", "Unity.VisualScripting.Shared.Editor.csproj", "{D93E436F-91BD-10A0-1C6C-54798F3635E5}"
EndProject
Project("{FAE04EC0-301F-11D3-BF4B-00C04F79EFBC}") = "PhotonVoice.Utilities.Editor", "PhotonVoice.Utilities.Editor.csproj", "{8CB72E0F-BF74-5339-9873-A27DF19DA848}"
EndProject
Project("{FAE04EC0-301F-11D3-BF4B-00C04F79EFBC}") = "Assembly-CSharp-Editor", "Assembly-CSharp-Editor.csproj", "{F876EC3B-DC6B-0346-D2CF-5D7CBB135A8A}"
EndProject
Project("{FAE04EC0-301F-11D3-BF4B-00C04F79EFBC}") = "MicAmplifierEditor.Editor", "MicAmplifierEditor.Editor.csproj", "{A44FCB65-5512-0C18-AABA-129FD0B3A753}"
EndProject
Project("{FAE04EC0-301F-11D3-BF4B-00C04F79EFBC}") = "PhotonVoice.PUN.Editor", "PhotonVoice.PUN.Editor.csproj", "{736B8469-0954-5283-0021-028E0BB9C6F3}"
EndProject
Global
	GlobalSection(SolutionConfigurationPlatforms) = preSolution
		Debug|Any CPU = Debug|Any CPU
		Release|Any CPU = Release|Any CPU
	EndGlobalSection
	GlobalSection(ProjectConfigurationPlatforms) = postSolution
		{5686DAF8-0E85-79B9-1739-D3C004C06FAF}.Debug|Any CPU.ActiveCfg = Debug|Any CPU
		{5686DAF8-0E85-79B9-1739-D3C004C06FAF}.Debug|Any CPU.Build.0 = Debug|Any CPU
		{5686DAF8-0E85-79B9-1739-D3C004C06FAF}.Release|Any CPU.ActiveCfg = Release|Any CPU
		{5686DAF8-0E85-79B9-1739-D3C004C06FAF}.Release|Any CPU.Build.0 = Release|Any CPU
		{B25007CD-E2BB-A4AF-D523-7401AF95F61D}.Debug|Any CPU.ActiveCfg = Debug|Any CPU
		{B25007CD-E2BB-A4AF-D523-7401AF95F61D}.Debug|Any CPU.Build.0 = Debug|Any CPU
		{B25007CD-E2BB-A4AF-D523-7401AF95F61D}.Release|Any CPU.ActiveCfg = Release|Any CPU
		{B25007CD-E2BB-A4AF-D523-7401AF95F61D}.Release|Any CPU.Build.0 = Release|Any CPU
		{7A980EA7-73DA-32E9-4746-0F5CD47E15F7}.Debug|Any CPU.ActiveCfg = Debug|Any CPU
		{7A980EA7-73DA-32E9-4746-0F5CD47E15F7}.Debug|Any CPU.Build.0 = Debug|Any CPU
		{7A980EA7-73DA-32E9-4746-0F5CD47E15F7}.Release|Any CPU.ActiveCfg = Release|Any CPU
		{7A980EA7-73DA-32E9-4746-0F5CD47E15F7}.Release|Any CPU.Build.0 = Release|Any CPU
		{A2143C32-1F2F-14D5-A61E-094F9236E94E}.Debug|Any CPU.ActiveCfg = Debug|Any CPU
		{A2143C32-1F2F-14D5-A61E-094F9236E94E}.Debug|Any CPU.Build.0 = Debug|Any CPU
		{A2143C32-1F2F-14D5-A61E-094F9236E94E}.Release|Any CPU.ActiveCfg = Release|Any CPU
		{A2143C32-1F2F-14D5-A61E-094F9236E94E}.Release|Any CPU.Build.0 = Release|Any CPU
		{2C1775CC-DF01-781D-651C-536C2E2732D3}.Debug|Any CPU.ActiveCfg = Debug|Any CPU
		{2C1775CC-DF01-781D-651C-536C2E2732D3}.Debug|Any CPU.Build.0 = Debug|Any CPU
		{2C1775CC-DF01-781D-651C-536C2E2732D3}.Release|Any CPU.ActiveCfg = Release|Any CPU
		{2C1775CC-DF01-781D-651C-536C2E2732D3}.Release|Any CPU.Build.0 = Release|Any CPU
		{BC8ADC50-4048-3691-49AF-D88315891FC1}.Debug|Any CPU.ActiveCfg = Debug|Any CPU
		{BC8ADC50-4048-3691-49AF-D88315891FC1}.Debug|Any CPU.Build.0 = Debug|Any CPU
		{BC8ADC50-4048-3691-49AF-D88315891FC1}.Release|Any CPU.ActiveCfg = Release|Any CPU
		{BC8ADC50-4048-3691-49AF-D88315891FC1}.Release|Any CPU.Build.0 = Release|Any CPU
		{F87F7E1C-ED5D-E75B-E82D-06FC323AE75B}.Debug|Any CPU.ActiveCfg = Debug|Any CPU
		{F87F7E1C-ED5D-E75B-E82D-06FC323AE75B}.Debug|Any CPU.Build.0 = Debug|Any CPU
		{F87F7E1C-ED5D-E75B-E82D-06FC323AE75B}.Release|Any CPU.ActiveCfg = Release|Any CPU
		{F87F7E1C-ED5D-E75B-E82D-06FC323AE75B}.Release|Any CPU.Build.0 = Release|Any CPU
		{8E70DBF0-D28A-8AD1-DBD9-E90E75432A96}.Debug|Any CPU.ActiveCfg = Debug|Any CPU
		{8E70DBF0-D28A-8AD1-DBD9-E90E75432A96}.Debug|Any CPU.Build.0 = Debug|Any CPU
		{8E70DBF0-D28A-8AD1-DBD9-E90E75432A96}.Release|Any CPU.ActiveCfg = Release|Any CPU
		{8E70DBF0-D28A-8AD1-DBD9-E90E75432A96}.Release|Any CPU.Build.0 = Release|Any CPU
		{349D491B-A806-339A-BE59-A1E4736490D1}.Debug|Any CPU.ActiveCfg = Debug|Any CPU
		{349D491B-A806-339A-BE59-A1E4736490D1}.Debug|Any CPU.Build.0 = Debug|Any CPU
		{349D491B-A806-339A-BE59-A1E4736490D1}.Release|Any CPU.ActiveCfg = Release|Any CPU
		{349D491B-A806-339A-BE59-A1E4736490D1}.Release|Any CPU.Build.0 = Release|Any CPU
		{84B10369-223F-4FA9-1D29-8EF11D4FAE27}.Debug|Any CPU.ActiveCfg = Debug|Any CPU
		{84B10369-223F-4FA9-1D29-8EF11D4FAE27}.Debug|Any CPU.Build.0 = Debug|Any CPU
		{84B10369-223F-4FA9-1D29-8EF11D4FAE27}.Release|Any CPU.ActiveCfg = Release|Any CPU
		{84B10369-223F-4FA9-1D29-8EF11D4FAE27}.Release|Any CPU.Build.0 = Release|Any CPU
		{435C4ADA-AE16-0332-A4E1-11879C10BBCD}.Debug|Any CPU.ActiveCfg = Debug|Any CPU
		{435C4ADA-AE16-0332-A4E1-11879C10BBCD}.Debug|Any CPU.Build.0 = Debug|Any CPU
		{435C4ADA-AE16-0332-A4E1-11879C10BBCD}.Release|Any CPU.ActiveCfg = Release|Any CPU
		{435C4ADA-AE16-0332-A4E1-11879C10BBCD}.Release|Any CPU.Build.0 = Release|Any CPU
		{11994488-BF71-A4D9-B93F-9F4C92B26AD1}.Debug|Any CPU.ActiveCfg = Debug|Any CPU
		{11994488-BF71-A4D9-B93F-9F4C92B26AD1}.Debug|Any CPU.Build.0 = Debug|Any CPU
		{11994488-BF71-A4D9-B93F-9F4C92B26AD1}.Release|Any CPU.ActiveCfg = Release|Any CPU
		{11994488-BF71-A4D9-B93F-9F4C92B26AD1}.Release|Any CPU.Build.0 = Release|Any CPU
		{88F71544-EE5F-6DD0-3403-E08973D5B7FB}.Debug|Any CPU.ActiveCfg = Debug|Any CPU
		{88F71544-EE5F-6DD0-3403-E08973D5B7FB}.Debug|Any CPU.Build.0 = Debug|Any CPU
		{88F71544-EE5F-6DD0-3403-E08973D5B7FB}.Release|Any CPU.ActiveCfg = Release|Any CPU
		{88F71544-EE5F-6DD0-3403-E08973D5B7FB}.Release|Any CPU.Build.0 = Release|Any CPU
		{EDAC7EE6-DD7D-7E3F-403A-72AD902C1AF8}.Debug|Any CPU.ActiveCfg = Debug|Any CPU
		{EDAC7EE6-DD7D-7E3F-403A-72AD902C1AF8}.Debug|Any CPU.Build.0 = Debug|Any CPU
		{EDAC7EE6-DD7D-7E3F-403A-72AD902C1AF8}.Release|Any CPU.ActiveCfg = Release|Any CPU
		{EDAC7EE6-DD7D-7E3F-403A-72AD902C1AF8}.Release|Any CPU.Build.0 = Release|Any CPU
		{4BDCE0CE-AE64-04E7-413C-C22855C36CF5}.Debug|Any CPU.ActiveCfg = Debug|Any CPU
		{4BDCE0CE-AE64-04E7-413C-C22855C36CF5}.Debug|Any CPU.Build.0 = Debug|Any CPU
		{4BDCE0CE-AE64-04E7-413C-C22855C36CF5}.Release|Any CPU.ActiveCfg = Release|Any CPU
		{4BDCE0CE-AE64-04E7-413C-C22855C36CF5}.Release|Any CPU.Build.0 = Release|Any CPU
		{6CCF5AFF-6060-C6EA-5A2F-A85C04A3B597}.Debug|Any CPU.ActiveCfg = Debug|Any CPU
		{6CCF5AFF-6060-C6EA-5A2F-A85C04A3B597}.Debug|Any CPU.Build.0 = Debug|Any CPU
		{6CCF5AFF-6060-C6EA-5A2F-A85C04A3B597}.Release|Any CPU.ActiveCfg = Release|Any CPU
		{6CCF5AFF-6060-C6EA-5A2F-A85C04A3B597}.Release|Any CPU.Build.0 = Release|Any CPU
		{30048953-261C-0C87-E1BD-33F78D597542}.Debug|Any CPU.ActiveCfg = Debug|Any CPU
		{30048953-261C-0C87-E1BD-33F78D597542}.Debug|Any CPU.Build.0 = Debug|Any CPU
		{30048953-261C-0C87-E1BD-33F78D597542}.Release|Any CPU.ActiveCfg = Release|Any CPU
		{30048953-261C-0C87-E1BD-33F78D597542}.Release|Any CPU.Build.0 = Release|Any CPU
		{F1D63BC9-32ED-82CD-F689-5CC3681AA3EC}.Debug|Any CPU.ActiveCfg = Debug|Any CPU
		{F1D63BC9-32ED-82CD-F689-5CC3681AA3EC}.Debug|Any CPU.Build.0 = Debug|Any CPU
		{F1D63BC9-32ED-82CD-F689-5CC3681AA3EC}.Release|Any CPU.ActiveCfg = Release|Any CPU
		{F1D63BC9-32ED-82CD-F689-5CC3681AA3EC}.Release|Any CPU.Build.0 = Release|Any CPU
		{DDA28DAB-7B17-D25E-2DBF-E3B8C7327310}.Debug|Any CPU.ActiveCfg = Debug|Any CPU
		{DDA28DAB-7B17-D25E-2DBF-E3B8C7327310}.Debug|Any CPU.Build.0 = Debug|Any CPU
		{DDA28DAB-7B17-D25E-2DBF-E3B8C7327310}.Release|Any CPU.ActiveCfg = Release|Any CPU
		{DDA28DAB-7B17-D25E-2DBF-E3B8C7327310}.Release|Any CPU.Build.0 = Release|Any CPU
		{3E38DCB2-17BE-5F2A-8D1B-06A8A0157E5B}.Debug|Any CPU.ActiveCfg = Debug|Any CPU
		{3E38DCB2-17BE-5F2A-8D1B-06A8A0157E5B}.Debug|Any CPU.Build.0 = Debug|Any CPU
		{3E38DCB2-17BE-5F2A-8D1B-06A8A0157E5B}.Release|Any CPU.ActiveCfg = Release|Any CPU
		{3E38DCB2-17BE-5F2A-8D1B-06A8A0157E5B}.Release|Any CPU.Build.0 = Release|Any CPU
		{47D0BB19-DC7E-57CA-1BA1-E576B336BBD4}.Debug|Any CPU.ActiveCfg = Debug|Any CPU
		{47D0BB19-DC7E-57CA-1BA1-E576B336BBD4}.Debug|Any CPU.Build.0 = Debug|Any CPU
		{47D0BB19-DC7E-57CA-1BA1-E576B336BBD4}.Release|Any CPU.ActiveCfg = Release|Any CPU
		{47D0BB19-DC7E-57CA-1BA1-E576B336BBD4}.Release|Any CPU.Build.0 = Release|Any CPU
		{1EB6AFCE-4ADB-38B6-BCC6-17575F89AAB6}.Debug|Any CPU.ActiveCfg = Debug|Any CPU
		{1EB6AFCE-4ADB-38B6-BCC6-17575F89AAB6}.Debug|Any CPU.Build.0 = Debug|Any CPU
		{1EB6AFCE-4ADB-38B6-BCC6-17575F89AAB6}.Release|Any CPU.ActiveCfg = Release|Any CPU
		{1EB6AFCE-4ADB-38B6-BCC6-17575F89AAB6}.Release|Any CPU.Build.0 = Release|Any CPU
		{2F92C8D0-087B-2295-14BF-7A442FEEED0D}.Debug|Any CPU.ActiveCfg = Debug|Any CPU
		{2F92C8D0-087B-2295-14BF-7A442FEEED0D}.Debug|Any CPU.Build.0 = Debug|Any CPU
		{2F92C8D0-087B-2295-14BF-7A442FEEED0D}.Release|Any CPU.ActiveCfg = Release|Any CPU
		{2F92C8D0-087B-2295-14BF-7A442FEEED0D}.Release|Any CPU.Build.0 = Release|Any CPU
		{C6C90EAD-653E-0C6F-D909-4CF9FE7CEC27}.Debug|Any CPU.ActiveCfg = Debug|Any CPU
		{C6C90EAD-653E-0C6F-D909-4CF9FE7CEC27}.Debug|Any CPU.Build.0 = Debug|Any CPU
		{C6C90EAD-653E-0C6F-D909-4CF9FE7CEC27}.Release|Any CPU.ActiveCfg = Release|Any CPU
		{C6C90EAD-653E-0C6F-D909-4CF9FE7CEC27}.Release|Any CPU.Build.0 = Release|Any CPU
		{8A8A06EF-5D28-0666-A94B-D419F661B9E4}.Debug|Any CPU.ActiveCfg = Debug|Any CPU
		{8A8A06EF-5D28-0666-A94B-D419F661B9E4}.Debug|Any CPU.Build.0 = Debug|Any CPU
		{8A8A06EF-5D28-0666-A94B-D419F661B9E4}.Release|Any CPU.ActiveCfg = Release|Any CPU
		{8A8A06EF-5D28-0666-A94B-D419F661B9E4}.Release|Any CPU.Build.0 = Release|Any CPU
		{CF6A5A96-52C2-C9FE-DA88-42004EBD95C4}.Debug|Any CPU.ActiveCfg = Debug|Any CPU
		{CF6A5A96-52C2-C9FE-DA88-42004EBD95C4}.Debug|Any CPU.Build.0 = Debug|Any CPU
		{CF6A5A96-52C2-C9FE-DA88-42004EBD95C4}.Release|Any CPU.ActiveCfg = Release|Any CPU
		{CF6A5A96-52C2-C9FE-DA88-42004EBD95C4}.Release|Any CPU.Build.0 = Release|Any CPU
		{289985ED-BD60-46A6-4913-D93D75FF9CEA}.Debug|Any CPU.ActiveCfg = Debug|Any CPU
		{289985ED-BD60-46A6-4913-D93D75FF9CEA}.Debug|Any CPU.Build.0 = Debug|Any CPU
		{289985ED-BD60-46A6-4913-D93D75FF9CEA}.Release|Any CPU.ActiveCfg = Release|Any CPU
		{289985ED-BD60-46A6-4913-D93D75FF9CEA}.Release|Any CPU.Build.0 = Release|Any CPU
		{EBB59AD5-B486-886D-276F-2D098EAC58C3}.Debug|Any CPU.ActiveCfg = Debug|Any CPU
		{EBB59AD5-B486-886D-276F-2D098EAC58C3}.Debug|Any CPU.Build.0 = Debug|Any CPU
		{EBB59AD5-B486-886D-276F-2D098EAC58C3}.Release|Any CPU.ActiveCfg = Release|Any CPU
		{EBB59AD5-B486-886D-276F-2D098EAC58C3}.Release|Any CPU.Build.0 = Release|Any CPU
		{C087D546-F9F2-F91F-1914-7BC65A375B43}.Debug|Any CPU.ActiveCfg = Debug|Any CPU
		{C087D546-F9F2-F91F-1914-7BC65A375B43}.Debug|Any CPU.Build.0 = Debug|Any CPU
		{C087D546-F9F2-F91F-1914-7BC65A375B43}.Release|Any CPU.ActiveCfg = Release|Any CPU
		{C087D546-F9F2-F91F-1914-7BC65A375B43}.Release|Any CPU.Build.0 = Release|Any CPU
		{AAEFC2CD-8A3D-2B77-66DC-C9D6D803AA46}.Debug|Any CPU.ActiveCfg = Debug|Any CPU
		{AAEFC2CD-8A3D-2B77-66DC-C9D6D803AA46}.Debug|Any CPU.Build.0 = Debug|Any CPU
		{AAEFC2CD-8A3D-2B77-66DC-C9D6D803AA46}.Release|Any CPU.ActiveCfg = Release|Any CPU
		{AAEFC2CD-8A3D-2B77-66DC-C9D6D803AA46}.Release|Any CPU.Build.0 = Release|Any CPU
		{22298BB6-92E5-657E-9F73-95B31212FFE1}.Debug|Any CPU.ActiveCfg = Debug|Any CPU
		{22298BB6-92E5-657E-9F73-95B31212FFE1}.Debug|Any CPU.Build.0 = Debug|Any CPU
		{22298BB6-92E5-657E-9F73-95B31212FFE1}.Release|Any CPU.ActiveCfg = Release|Any CPU
		{22298BB6-92E5-657E-9F73-95B31212FFE1}.Release|Any CPU.Build.0 = Release|Any CPU
		{6A5069AC-E223-FA0E-70AB-8BE911C0815B}.Debug|Any CPU.ActiveCfg = Debug|Any CPU
		{6A5069AC-E223-FA0E-70AB-8BE911C0815B}.Debug|Any CPU.Build.0 = Debug|Any CPU
		{6A5069AC-E223-FA0E-70AB-8BE911C0815B}.Release|Any CPU.ActiveCfg = Release|Any CPU
		{6A5069AC-E223-FA0E-70AB-8BE911C0815B}.Release|Any CPU.Build.0 = Release|Any CPU
		{974CDE75-3742-94FA-C886-F46EE18E369D}.Debug|Any CPU.ActiveCfg = Debug|Any CPU
		{974CDE75-3742-94FA-C886-F46EE18E369D}.Debug|Any CPU.Build.0 = Debug|Any CPU
		{974CDE75-3742-94FA-C886-F46EE18E369D}.Release|Any CPU.ActiveCfg = Release|Any CPU
		{974CDE75-3742-94FA-C886-F46EE18E369D}.Release|Any CPU.Build.0 = Release|Any CPU
		{9D8BE612-4ED1-FFE8-B93C-9AA6CA46746C}.Debug|Any CPU.ActiveCfg = Debug|Any CPU
		{9D8BE612-4ED1-FFE8-B93C-9AA6CA46746C}.Debug|Any CPU.Build.0 = Debug|Any CPU
		{9D8BE612-4ED1-FFE8-B93C-9AA6CA46746C}.Release|Any CPU.ActiveCfg = Release|Any CPU
		{9D8BE612-4ED1-FFE8-B93C-9AA6CA46746C}.Release|Any CPU.Build.0 = Release|Any CPU
		{7191252A-3997-A683-9898-6D557EDB9CE1}.Debug|Any CPU.ActiveCfg = Debug|Any CPU
		{7191252A-3997-A683-9898-6D557EDB9CE1}.Debug|Any CPU.Build.0 = Debug|Any CPU
		{7191252A-3997-A683-9898-6D557EDB9CE1}.Release|Any CPU.ActiveCfg = Release|Any CPU
		{7191252A-3997-A683-9898-6D557EDB9CE1}.Release|Any CPU.Build.0 = Release|Any CPU
		{716CFB3E-03EB-7AD3-9A2C-F5E587779608}.Debug|Any CPU.ActiveCfg = Debug|Any CPU
		{716CFB3E-03EB-7AD3-9A2C-F5E587779608}.Debug|Any CPU.Build.0 = Debug|Any CPU
		{716CFB3E-03EB-7AD3-9A2C-F5E587779608}.Release|Any CPU.ActiveCfg = Release|Any CPU
		{716CFB3E-03EB-7AD3-9A2C-F5E587779608}.Release|Any CPU.Build.0 = Release|Any CPU
		{6F744678-35A0-B02F-CB4C-04C56A5DDF72}.Debug|Any CPU.ActiveCfg = Debug|Any CPU
		{6F744678-35A0-B02F-CB4C-04C56A5DDF72}.Debug|Any CPU.Build.0 = Debug|Any CPU
		{6F744678-35A0-B02F-CB4C-04C56A5DDF72}.Release|Any CPU.ActiveCfg = Release|Any CPU
		{6F744678-35A0-B02F-CB4C-04C56A5DDF72}.Release|Any CPU.Build.0 = Release|Any CPU
		{DFA0D892-1020-958F-7203-040BF8820B69}.Debug|Any CPU.ActiveCfg = Debug|Any CPU
		{DFA0D892-1020-958F-7203-040BF8820B69}.Debug|Any CPU.Build.0 = Debug|Any CPU
		{DFA0D892-1020-958F-7203-040BF8820B69}.Release|Any CPU.ActiveCfg = Release|Any CPU
		{DFA0D892-1020-958F-7203-040BF8820B69}.Release|Any CPU.Build.0 = Release|Any CPU
		{459F6579-9B76-3FF8-7109-8C2734AD12CD}.Debug|Any CPU.ActiveCfg = Debug|Any CPU
		{459F6579-9B76-3FF8-7109-8C2734AD12CD}.Debug|Any CPU.Build.0 = Debug|Any CPU
		{459F6579-9B76-3FF8-7109-8C2734AD12CD}.Release|Any CPU.ActiveCfg = Release|Any CPU
		{459F6579-9B76-3FF8-7109-8C2734AD12CD}.Release|Any CPU.Build.0 = Release|Any CPU
		{FECC08C6-A331-54B9-C69D-81382D1E8FDC}.Debug|Any CPU.ActiveCfg = Debug|Any CPU
		{FECC08C6-A331-54B9-C69D-81382D1E8FDC}.Debug|Any CPU.Build.0 = Debug|Any CPU
		{FECC08C6-A331-54B9-C69D-81382D1E8FDC}.Release|Any CPU.ActiveCfg = Release|Any CPU
		{FECC08C6-A331-54B9-C69D-81382D1E8FDC}.Release|Any CPU.Build.0 = Release|Any CPU
		{CE0CCEAD-D9C0-ECC7-A63C-7FCE8BB42E2C}.Debug|Any CPU.ActiveCfg = Debug|Any CPU
		{CE0CCEAD-D9C0-ECC7-A63C-7FCE8BB42E2C}.Debug|Any CPU.Build.0 = Debug|Any CPU
		{CE0CCEAD-D9C0-ECC7-A63C-7FCE8BB42E2C}.Release|Any CPU.ActiveCfg = Release|Any CPU
		{CE0CCEAD-D9C0-ECC7-A63C-7FCE8BB42E2C}.Release|Any CPU.Build.0 = Release|Any CPU
		{701AE7D4-4324-3621-3DAE-4276019574B9}.Debug|Any CPU.ActiveCfg = Debug|Any CPU
		{701AE7D4-4324-3621-3DAE-4276019574B9}.Debug|Any CPU.Build.0 = Debug|Any CPU
		{701AE7D4-4324-3621-3DAE-4276019574B9}.Release|Any CPU.ActiveCfg = Release|Any CPU
		{701AE7D4-4324-3621-3DAE-4276019574B9}.Release|Any CPU.Build.0 = Release|Any CPU
		{D93E436F-91BD-10A0-1C6C-54798F3635E5}.Debug|Any CPU.ActiveCfg = Debug|Any CPU
		{D93E436F-91BD-10A0-1C6C-54798F3635E5}.Debug|Any CPU.Build.0 = Debug|Any CPU
		{D93E436F-91BD-10A0-1C6C-54798F3635E5}.Release|Any CPU.ActiveCfg = Release|Any CPU
		{D93E436F-91BD-10A0-1C6C-54798F3635E5}.Release|Any CPU.Build.0 = Release|Any CPU
		{8CB72E0F-BF74-5339-9873-A27DF19DA848}.Debug|Any CPU.ActiveCfg = Debug|Any CPU
		{8CB72E0F-BF74-5339-9873-A27DF19DA848}.Debug|Any CPU.Build.0 = Debug|Any CPU
		{8CB72E0F-BF74-5339-9873-A27DF19DA848}.Release|Any CPU.ActiveCfg = Release|Any CPU
		{8CB72E0F-BF74-5339-9873-A27DF19DA848}.Release|Any CPU.Build.0 = Release|Any CPU
		{F876EC3B-DC6B-0346-D2CF-5D7CBB135A8A}.Debug|Any CPU.ActiveCfg = Debug|Any CPU
		{F876EC3B-DC6B-0346-D2CF-5D7CBB135A8A}.Debug|Any CPU.Build.0 = Debug|Any CPU
		{F876EC3B-DC6B-0346-D2CF-5D7CBB135A8A}.Release|Any CPU.ActiveCfg = Release|Any CPU
		{F876EC3B-DC6B-0346-D2CF-5D7CBB135A8A}.Release|Any CPU.Build.0 = Release|Any CPU
		{A44FCB65-5512-0C18-AABA-129FD0B3A753}.Debug|Any CPU.ActiveCfg = Debug|Any CPU
		{A44FCB65-5512-0C18-AABA-129FD0B3A753}.Debug|Any CPU.Build.0 = Debug|Any CPU
		{A44FCB65-5512-0C18-AABA-129FD0B3A753}.Release|Any CPU.ActiveCfg = Release|Any CPU
		{A44FCB65-5512-0C18-AABA-129FD0B3A753}.Release|Any CPU.Build.0 = Release|Any CPU
		{736B8469-0954-5283-0021-028E0BB9C6F3}.Debug|Any CPU.ActiveCfg = Debug|Any CPU
		{736B8469-0954-5283-0021-028E0BB9C6F3}.Debug|Any CPU.Build.0 = Debug|Any CPU
		{736B8469-0954-5283-0021-028E0BB9C6F3}.Release|Any CPU.ActiveCfg = Release|Any CPU
		{736B8469-0954-5283-0021-028E0BB9C6F3}.Release|Any CPU.Build.0 = Release|Any CPU
	EndGlobalSection
	GlobalSection(SolutionProperties) = preSolution
		HideSolutionNode = FALSE
	EndGlobalSection
EndGlobal
